
Microsoft Visual Studio Solution File, Format Version 12.00
# Visual Studio Version 17
VisualStudioVersion = 17.7.34031.279
MinimumVisualStudioVersion = 10.0.40219.1
Project("{FAE04EC0-301F-11D3-BF4B-00C04F79EFBC}") = "ecommercejogos", "ecommercejogos.csproj", "{B0C302B8-C6C4-40F9-BB08-A9F0D4EF4D62}"
EndProject
Global
	GlobalSection(SolutionConfigurationPlatforms) = preSolution
		Debug|Any CPU = Debug|Any CPU
		Release|Any CPU = Release|Any CPU
	EndGlobalSection
	GlobalSection(ProjectConfigurationPlatforms) = postSolution
		{B0C302B8-C6C4-40F9-BB08-A9F0D4EF4D62}.Debug|Any CPU.ActiveCfg = Debug|Any CPU
		{B0C302B8-C6C4-40F9-BB08-A9F0D4EF4D62}.Debug|Any CPU.Build.0 = Debug|Any CPU
		{B0C302B8-C6C4-40F9-BB08-A9F0D4EF4D62}.Release|Any CPU.ActiveCfg = Release|Any CPU
		{B0C302B8-C6C4-40F9-BB08-A9F0D4EF4D62}.Release|Any CPU.Build.0 = Release|Any CPU
	EndGlobalSection
	GlobalSection(SolutionProperties) = preSolution
		HideSolutionNode = FALSE
	EndGlobalSection
	GlobalSection(ExtensibilityGlobals) = postSolution
		SolutionGuid = {C8CDB9FF-0252-440D-BE75-7A1BE66A75C7}
	EndGlobalSection
EndGlobal
